# This file is autogenerated, do not edit; changes may be undone by the next 'dep ensure'.


[[projects]]
  branch = "develop"
  name = "github.com/gin-gonic/gin"
  packages = [".","binding","render"]
  revision = "4a6bc4aac4607e253bcda67c8c5bcda693d2388e"

[[projects]]
  name = "github.com/go-redis/redis"
  packages = [".","internal","internal/consistenthash","internal/hashtag","internal/pool","internal/proto"]
  revision = "e14976b254c5bc5f399dd0ae9314b1d02a176897"
  version = "v6.5.0"

[[projects]]
  branch = "master"
  name = "github.com/golang/protobuf"
  packages = ["proto"]
  revision = "18c9bb3261723cd5401db4d0c9fbc5c3b6c70fe8"

[[projects]]
  name = "github.com/manucorporat/sse"
  packages = ["."]
  revision = "fe6ea2c8e398672518ef204bf0fbd9af858d0e15"

[[projects]]
  name = "github.com/patrickmn/go-cache"
  packages = ["."]
  revision = "1881a9bccb818787f68c52bfba648c6cf34c34fa"
  version = "v2.0.0"

[[projects]]
  branch = "master"
  name = "go4.org"
  packages = ["syncutil"]
  revision = "034d17a462f7b2dcd1a4a73553ec5357ff6e6c6e"

[[projects]]
  branch = "master"
  name = "golang.org/x/net"
  packages = ["context"]
  revision = "59a0b19b5533c7977ddeb86b017bf507ed407b12"

[[projects]]
  branch = "master"
  name = "gopkg.in/go-playground/validator.v8"
  packages = ["."]
  revision = "014792cf3e266caff1e916876be12282b33059e0"

[solve-meta]
  analyzer-name = "dep"
  analyzer-version = 1
  inputs-digest = "4370cc081bb7a62f57ae1ac5f3b936b1f5259a952ccf4fbf4c6d9d5c76dff336"
  solver-name = "gps-cdcl"
  solver-version = 1
